# THIS IS AN AUTOGENERATED FILE. DO NOT EDIT THIS FILE DIRECTLY.
# yarn lockfile v1


bootswatch@^4.5.3:
  version "4.5.3"
  resolved "https://registry.yarnpkg.com/bootswatch/-/bootswatch-4.5.3.tgz#bd9bd4fa212bd5872c932be58ed54e376ee7ccc5"
  integrity sha512-gaB3gBSAegmYbk97aVELKcSKVdPjWsSY4yCITkUt/SqbqjtMU/HtIUszb4O9vzdbrfuVXThc/qCXzjoJaAPgiQ==
